{
  "nodes": {
    "base16": {
      "inputs": {
        "fromYaml": "fromYaml"
      },
      "locked": {
        "lastModified": 1746562888,
        "narHash": "sha256-YgNJQyB5dQiwavdDFBMNKk1wyS77AtdgDk/VtU6wEaI=",
        "owner": "SenchoPens",
        "repo": "base16.nix",
        "rev": "806a1777a5db2a1ef9d5d6f493ef2381047f2b89",
        "type": "github"
      },
      "original": {
        "owner": "SenchoPens",
        "repo": "base16.nix",
        "type": "github"
      }
    },
    "base16-fish": {
      "flake": false,
      "locked": {
        "lastModified": 1622559957,
        "narHash": "sha256-PebymhVYbL8trDVVXxCvZgc0S5VxI7I1Hv4RMSquTpA=",
        "owner": "tomyun",
        "repo": "base16-fish",
        "rev": "2f6dd973a9075dabccd26f1cded09508180bf5fe",
        "type": "github"
      },
      "original": {
        "owner": "tomyun",
        "repo": "base16-fish",
        "type": "github"
      }
    },
    "base16-helix": {
      "flake": false,
      "locked": {
        "lastModified": 1748408240,
        "narHash": "sha256-9M2b1rMyMzJK0eusea0x3lyh3mu5nMeEDSc4RZkGm+g=",
        "owner": "tinted-theming",
        "repo": "base16-helix",
        "rev": "6c711ab1a9db6f51e2f6887cc3345530b33e152e",
        "type": "github"
      },
      "original": {
        "owner": "tinted-theming",
        "repo": "base16-helix",
        "type": "github"
      }
    },
    "base16-vim": {
      "flake": false,
      "locked": {
        "lastModified": 1732806396,
        "narHash": "sha256-e0bpPySdJf0F68Ndanwm+KWHgQiZ0s7liLhvJSWDNsA=",
        "owner": "tinted-theming",
        "repo": "base16-vim",
        "rev": "577fe8125d74ff456cf942c733a85d769afe58b7",
        "type": "github"
      },
      "original": {
        "owner": "tinted-theming",
        "repo": "base16-vim",
        "rev": "577fe8125d74ff456cf942c733a85d769afe58b7",
        "type": "github"
      }
    },
    "clan-core": {
      "inputs": {
        "data-mesher": "data-mesher",
        "disko": "disko",
        "flake-parts": "flake-parts",
        "nix-darwin": "nix-darwin",
        "nix-select": "nix-select",
        "nixos-facter-modules": "nixos-facter-modules",
        "nixpkgs": [
          "nixpkgs"
        ],
        "sops-nix": "sops-nix",
        "systems": "systems",
        "treefmt-nix": "treefmt-nix"
      },
      "locked": {
        "lastModified": 1753130334,
        "narHash": "sha256-vR3Komx/uGQ6JV4VICCSiXjOSghKz+8g67SqsKUI2WI=",
        "rev": "a694e8d122d6753ccec306441d5c802ec0636ca0",
        "type": "tarball",
        "url": "https://git.clan.lol/api/v1/repos/clan/clan-core/archive/a694e8d122d6753ccec306441d5c802ec0636ca0.tar.gz"
      },
      "original": {
        "type": "tarball",
        "url": "https://git.clan.lol/clan/clan-core/archive/main.zip"
      }
    },
    "data-mesher": {
      "inputs": {
        "flake-parts": [
          "clan-core",
          "flake-parts"
        ],
        "nixpkgs": [
          "clan-core",
          "nixpkgs"
        ],
        "treefmt-nix": [
          "clan-core",
          "treefmt-nix"
        ]
      },
      "locked": {
        "lastModified": 1753067306,
        "narHash": "sha256-jyoEbaXa8/MwVQ+PajUdT63y3gYhgD9o7snO/SLaikw=",
        "rev": "18dfd42bdb2cfff510b8c74206005f733e38d8b9",
        "type": "tarball",
        "url": "https://git.clan.lol/api/v1/repos/clan/data-mesher/archive/18dfd42bdb2cfff510b8c74206005f733e38d8b9.tar.gz"
      },
      "original": {
        "type": "tarball",
        "url": "https://git.clan.lol/clan/data-mesher/archive/main.tar.gz"
      }
    },
    "disko": {
      "inputs": {
        "nixpkgs": [
          "clan-core",
          "nixpkgs"
        ]
      },
      "locked": {
        "lastModified": 1752718651,
        "narHash": "sha256-PkaR0qmyP9q/MDN3uYa+RLeBA0PjvEQiM0rTDDBXkL8=",
        "owner": "nix-community",
        "repo": "disko",
        "rev": "d5ad4485e6f2edcc06751df65c5e16572877db88",
        "type": "github"
      },
      "original": {
        "owner": "nix-community",
        "repo": "disko",
        "type": "github"
      }
    },
    "disko_2": {
      "inputs": {
        "nixpkgs": [
          "nixpkgs"
        ]
      },
      "locked": {
        "lastModified": 1753100035,
        "narHash": "sha256-cw+vVkef8EOjzJyr94wEKk34JDJu4lkGp2tkVUWaUxk=",
        "owner": "nix-community",
        "repo": "disko",
        "rev": "3db2f0476516b2758fe8f1559f70c937b9d9b16b",
        "type": "github"
      },
      "original": {
        "owner": "nix-community",
        "repo": "disko",
        "type": "github"
      }
    },
    "firefox-gnome-theme": {
      "flake": false,
      "locked": {
        "lastModified": 1748383148,
        "narHash": "sha256-pGvD/RGuuPf/4oogsfeRaeMm6ipUIznI2QSILKjKzeA=",
        "owner": "rafaelmardojai",
        "repo": "firefox-gnome-theme",
        "rev": "4eb2714fbed2b80e234312611a947d6cb7d70caf",
        "type": "github"
      },
      "original": {
        "owner": "rafaelmardojai",
        "repo": "firefox-gnome-theme",
        "type": "github"
      }
    },
    "flake-parts": {
      "inputs": {
        "nixpkgs-lib": [
          "clan-core",
          "nixpkgs"
        ]
      },
      "locked": {
        "lastModified": 1753121425,
        "narHash": "sha256-TVcTNvOeWWk1DXljFxVRp+E0tzG1LhrVjOGGoMHuXio=",
        "owner": "hercules-ci",
        "repo": "flake-parts",
        "rev": "644e0fc48951a860279da645ba77fe4a6e814c5e",
        "type": "github"
      },
      "original": {
        "owner": "hercules-ci",
        "repo": "flake-parts",
        "type": "github"
      }
    },
    "flake-parts_2": {
      "inputs": {
        "nixpkgs-lib": "nixpkgs-lib"
      },
      "locked": {
        "lastModified": 1753121425,
        "narHash": "sha256-TVcTNvOeWWk1DXljFxVRp+E0tzG1LhrVjOGGoMHuXio=",
        "owner": "hercules-ci",
        "repo": "flake-parts",
        "rev": "644e0fc48951a860279da645ba77fe4a6e814c5e",
        "type": "github"
      },
      "original": {
        "owner": "hercules-ci",
        "repo": "flake-parts",
        "type": "github"
      }
    },
    "flake-parts_3": {
      "inputs": {
        "nixpkgs-lib": [
          "nur",
          "nixpkgs"
        ]
      },
      "locked": {
        "lastModified": 1733312601,
        "narHash": "sha256-4pDvzqnegAfRkPwO3wmwBhVi/Sye1mzps0zHWYnP88c=",
        "owner": "hercules-ci",
        "repo": "flake-parts",
        "rev": "205b12d8b7cd4802fbcb8e8ef6a0f1408781a4f9",
        "type": "github"
      },
      "original": {
        "owner": "hercules-ci",
        "repo": "flake-parts",
        "type": "github"
      }
    },
    "flake-parts_4": {
      "inputs": {
        "nixpkgs-lib": [
          "stylix",
          "nixpkgs"
        ]
      },
      "locked": {
        "lastModified": 1751413152,
        "narHash": "sha256-Tyw1RjYEsp5scoigs1384gIg6e0GoBVjms4aXFfRssQ=",
        "owner": "hercules-ci",
        "repo": "flake-parts",
        "rev": "77826244401ea9de6e3bac47c2db46005e1f30b5",
        "type": "github"
      },
      "original": {
        "owner": "hercules-ci",
        "repo": "flake-parts",
        "type": "github"
      }
    },
    "fromYaml": {
      "flake": false,
      "locked": {
        "lastModified": 1731966426,
        "narHash": "sha256-lq95WydhbUTWig/JpqiB7oViTcHFP8Lv41IGtayokA8=",
        "owner": "SenchoPens",
        "repo": "fromYaml",
        "rev": "106af9e2f715e2d828df706c386a685698f3223b",
        "type": "github"
      },
      "original": {
        "owner": "SenchoPens",
        "repo": "fromYaml",
        "type": "github"
      }
    },
    "gnome-shell": {
      "flake": false,
      "locked": {
        "lastModified": 1748186689,
        "narHash": "sha256-UaD7Y9f8iuLBMGHXeJlRu6U1Ggw5B9JnkFs3enZlap0=",
        "owner": "GNOME",
        "repo": "gnome-shell",
        "rev": "8c88f917db0f1f0d80fa55206c863d3746fa18d0",
        "type": "github"
      },
      "original": {
        "owner": "GNOME",
        "ref": "48.2",
        "repo": "gnome-shell",
        "type": "github"
      }
    },
    "hardware": {
      "locked": {
        "lastModified": 1753122741,
        "narHash": "sha256-nFxE8lk9JvGelxClCmwuJYftbHqwnc01dRN4DVLUroM=",
        "owner": "NixOS",
        "repo": "nixos-hardware",
        "rev": "cc66fddc6cb04ab479a1bb062f4d4da27c936a22",
        "type": "github"
      },
      "original": {
        "owner": "NixOS",
        "ref": "master",
        "repo": "nixos-hardware",
        "type": "github"
      }
    },
    "home-manager": {
      "inputs": {
        "nixpkgs": [
          "nixpkgs"
        ]
      },
      "locked": {
        "lastModified": 1753132348,
        "narHash": "sha256-0i3jU9AHuNXb0wYGzImnVwaw+miE0yW13qfjC0F+fIE=",
        "owner": "nix-community",
        "repo": "home-manager",
        "rev": "e4bf85da687027cfc4a8853ca11b6b86ce41d732",
        "type": "github"
      },
      "original": {
        "owner": "nix-community",
        "ref": "master",
        "repo": "home-manager",
        "type": "github"
      }
    },
    "impermanence": {
      "locked": {
        "lastModified": 1737831083,
        "narHash": "sha256-LJggUHbpyeDvNagTUrdhe/pRVp4pnS6wVKALS782gRI=",
        "owner": "nix-community",
        "repo": "impermanence",
        "rev": "4b3e914cdf97a5b536a889e939fb2fd2b043a170",
        "type": "github"
      },
      "original": {
        "owner": "nix-community",
        "repo": "impermanence",
        "type": "github"
      }
    },
    "nix-darwin": {
      "inputs": {
        "nixpkgs": [
          "clan-core",
          "nixpkgs"
        ]
      },
      "locked": {
        "lastModified": 1751313918,
        "narHash": "sha256-HsJM3XLa43WpG+665aGEh8iS8AfEwOIQWk3Mke3e7nk=",
        "owner": "nix-darwin",
        "repo": "nix-darwin",
        "rev": "e04a388232d9a6ba56967ce5b53a8a6f713cdfcf",
        "type": "github"
      },
      "original": {
        "owner": "nix-darwin",
        "repo": "nix-darwin",
        "type": "github"
      }
    },
    "nix-select": {
      "locked": {
        "lastModified": 1745005516,
        "narHash": "sha256-IVaoOGDIvAa/8I0sdiiZuKptDldrkDWUNf/+ezIRhyc=",
        "rev": "69d8bf596194c5c35a4e90dd02c52aa530caddf8",
        "type": "tarball",
        "url": "https://git.clan.lol/api/v1/repos/clan/nix-select/archive/69d8bf596194c5c35a4e90dd02c52aa530caddf8.tar.gz"
      },
      "original": {
        "type": "tarball",
        "url": "https://git.clan.lol/clan/nix-select/archive/main.tar.gz"
      }
    },
    "nixos-facter-modules": {
      "locked": {
        "lastModified": 1750412875,
        "narHash": "sha256-uP9Xxw5XcFwjX9lNoYRpybOnIIe1BHfZu5vJnnPg3Jc=",
        "owner": "nix-community",
        "repo": "nixos-facter-modules",
        "rev": "14df13c84552a7d1f33c1cd18336128fbc43f920",
        "type": "github"
      },
      "original": {
        "owner": "nix-community",
        "repo": "nixos-facter-modules",
        "type": "github"
      }
    },
    "nixpkgs": {
      "locked": {
        "lastModified": 1752950548,
        "narHash": "sha256-NS6BLD0lxOrnCiEOcvQCDVPXafX1/ek1dfJHX1nUIzc=",
        "owner": "nixos",
        "repo": "nixpkgs",
        "rev": "c87b95e25065c028d31a94f06a62927d18763fdf",
        "type": "github"
      },
      "original": {
        "owner": "nixos",
        "ref": "nixos-unstable",
        "repo": "nixpkgs",
        "type": "github"
      }
    },
    "nixpkgs-lib": {
      "locked": {
        "lastModified": 1751159883,
        "narHash": "sha256-urW/Ylk9FIfvXfliA1ywh75yszAbiTEVgpPeinFyVZo=",
        "owner": "nix-community",
        "repo": "nixpkgs.lib",
        "rev": "14a40a1d7fb9afa4739275ac642ed7301a9ba1ab",
        "type": "github"
      },
      "original": {
        "owner": "nix-community",
        "repo": "nixpkgs.lib",
        "type": "github"
      }
    },
    "nixpkgs_2": {
      "locked": {
        "lastModified": 1751792365,
        "narHash": "sha256-J1kI6oAj25IG4EdVlg2hQz8NZTBNYvIS0l4wpr9KcUo=",
        "owner": "NixOS",
        "repo": "nixpkgs",
        "rev": "1fd8bada0b6117e6c7eb54aad5813023eed37ccb",
        "type": "github"
      },
      "original": {
        "owner": "NixOS",
        "ref": "nixos-unstable",
        "repo": "nixpkgs",
        "type": "github"
      }
    },
    "nixunits": {
      "inputs": {
        "nixpkgs": [
          "nixpkgs"
        ]
      },
      "locked": {
        "lastModified": 1747035346,
        "narHash": "sha256-kpMFxMN2Pmmxr2In06650NsrxzXrd2XXFN5Jb3iTdck=",
        "owner": "dcasier",
        "repo": "nixunits",
        "rev": "1671b5b6e7bc0af7b2f3a1ef97caa9553affd571",
        "type": "github"
      },
      "original": {
        "owner": "dcasier",
        "repo": "nixunits",
        "type": "github"
      }
    },
    "nur": {
      "inputs": {
        "flake-parts": "flake-parts_3",
        "nixpkgs": [
          "nixpkgs"
        ]
      },
      "locked": {
        "lastModified": 1753132846,
        "narHash": "sha256-ni+4j0pTEkvqpNO/E9RKsOKJSVYdYEApdCoij1hPt3g=",
        "owner": "nix-community",
        "repo": "NUR",
        "rev": "a6f29e5548472bf073580f34f06ddac62d930985",
        "type": "github"
      },
      "original": {
        "owner": "nix-community",
        "repo": "NUR",
        "type": "github"
      }
    },
    "nur_2": {
      "inputs": {
        "flake-parts": [
          "stylix",
          "flake-parts"
        ],
        "nixpkgs": [
          "stylix",
          "nixpkgs"
        ]
      },
      "locked": {
        "lastModified": 1751906969,
        "narHash": "sha256-BSQAOdPnzdpOuCdAGSJmefSDlqmStFNScEnrWzSqKPw=",
        "owner": "nix-community",
        "repo": "NUR",
        "rev": "ddb679f4131e819efe3bbc6457ba19d7ad116f25",
        "type": "github"
      },
      "original": {
        "owner": "nix-community",
        "repo": "NUR",
        "type": "github"
      }
    },
    "root": {
      "inputs": {
        "clan-core": "clan-core",
        "disko": "disko_2",
        "flake-parts": "flake-parts_2",
        "hardware": "hardware",
        "home-manager": "home-manager",
        "impermanence": "impermanence",
        "nixpkgs": "nixpkgs",
        "nixunits": "nixunits",
        "nur": "nur",
        "sops-nix": "sops-nix_2",
        "srvos": "srvos",
        "stylix": "stylix",
        "terranix": "terranix"
      }
    },
    "sops-nix": {
      "inputs": {
        "nixpkgs": [
          "clan-core",
          "nixpkgs"
        ]
      },
      "locked": {
        "lastModified": 1752544651,
        "narHash": "sha256-GllP7cmQu7zLZTs9z0J2gIL42IZHa9CBEXwBY9szT0U=",
        "owner": "Mic92",
        "repo": "sops-nix",
        "rev": "2c8def626f54708a9c38a5861866660395bb3461",
        "type": "github"
      },
      "original": {
        "owner": "Mic92",
        "repo": "sops-nix",
        "type": "github"
      }
    },
    "sops-nix_2": {
      "inputs": {
        "nixpkgs": [
          "nixpkgs"
        ]
      },
      "locked": {
        "lastModified": 1752544651,
        "narHash": "sha256-GllP7cmQu7zLZTs9z0J2gIL42IZHa9CBEXwBY9szT0U=",
        "owner": "mic92",
        "repo": "sops-nix",
        "rev": "2c8def626f54708a9c38a5861866660395bb3461",
        "type": "github"
      },
      "original": {
        "owner": "mic92",
        "repo": "sops-nix",
        "type": "github"
      }
    },
    "srvos": {
      "inputs": {
        "nixpkgs": [
          "nixpkgs"
        ]
      },
      "locked": {
        "lastModified": 1753061983,
        "narHash": "sha256-D6+1c1L1fFJBk7ngRrPC0gHgI2DXgw2y7wNHlKvGXvk=",
        "owner": "nix-community",
        "repo": "srvos",
        "rev": "8290c5a78a4a73baf17acdc4da7aa8e92f85b249",
        "type": "github"
      },
      "original": {
        "owner": "nix-community",
        "repo": "srvos",
        "type": "github"
      }
    },
    "stylix": {
      "inputs": {
        "base16": "base16",
        "base16-fish": "base16-fish",
        "base16-helix": "base16-helix",
        "base16-vim": "base16-vim",
        "firefox-gnome-theme": "firefox-gnome-theme",
        "flake-parts": "flake-parts_4",
        "gnome-shell": "gnome-shell",
        "nixpkgs": "nixpkgs_2",
        "nur": "nur_2",
        "systems": "systems_2",
        "tinted-foot": "tinted-foot",
        "tinted-kitty": "tinted-kitty",
        "tinted-schemes": "tinted-schemes",
        "tinted-tmux": "tinted-tmux",
        "tinted-zed": "tinted-zed"
      },
      "locked": {
        "lastModified": 1753117651,
        "narHash": "sha256-7gWBlUOe2c0nYGyoVDa9hw15pI3DXDR0KK+nYh9KOpU=",
        "owner": "danth",
        "repo": "stylix",
        "rev": "ea60526c8c2a1c5df2743a9495814dc0b319ef3b",
        "type": "github"
      },
      "original": {
        "owner": "danth",
        "repo": "stylix",
        "type": "github"
      }
    },
    "systems": {
      "locked": {
        "lastModified": 1681028828,
        "narHash": "sha256-Vy1rq5AaRuLzOxct8nz4T6wlgyUR7zLU309k9mBC768=",
        "owner": "nix-systems",
        "repo": "default",
        "rev": "da67096a3b9bf56a91d16901293e51ba5b49a27e",
        "type": "github"
      },
      "original": {
        "owner": "nix-systems",
        "repo": "default",
        "type": "github"
      }
    },
    "systems_2": {
      "locked": {
        "lastModified": 1681028828,
        "narHash": "sha256-Vy1rq5AaRuLzOxct8nz4T6wlgyUR7zLU309k9mBC768=",
        "owner": "nix-systems",
        "repo": "default",
        "rev": "da67096a3b9bf56a91d16901293e51ba5b49a27e",
        "type": "github"
      },
      "original": {
        "owner": "nix-systems",
        "repo": "default",
        "type": "github"
      }
    },
    "systems_3": {
      "locked": {
        "lastModified": 1681028828,
        "narHash": "sha256-Vy1rq5AaRuLzOxct8nz4T6wlgyUR7zLU309k9mBC768=",
        "owner": "nix-systems",
        "repo": "default",
        "rev": "da67096a3b9bf56a91d16901293e51ba5b49a27e",
        "type": "github"
      },
      "original": {
        "owner": "nix-systems",
        "repo": "default",
        "type": "github"
      }
    },
    "terranix": {
      "inputs": {
        "flake-parts": [
          "flake-parts"
        ],
        "nixpkgs": [
          "nixpkgs"
        ],
        "systems": "systems_3"
      },
      "locked": {
        "lastModified": 1749381683,
        "narHash": "sha256-16z7tXZch12SAd3d8tbAiEOamyq3zFbw1oUq/ipmTkM=",
        "owner": "terranix",
        "repo": "terranix",
        "rev": "9d2370279d595be9e728b68d29ff0b546d88e619",
        "type": "github"
      },
      "original": {
        "owner": "terranix",
        "repo": "terranix",
        "type": "github"
      }
    },
    "tinted-foot": {
      "flake": false,
      "locked": {
        "lastModified": 1726913040,
        "narHash": "sha256-+eDZPkw7efMNUf3/Pv0EmsidqdwNJ1TaOum6k7lngDQ=",
        "owner": "tinted-theming",
        "repo": "tinted-foot",
        "rev": "fd1b924b6c45c3e4465e8a849e67ea82933fcbe4",
        "type": "github"
      },
      "original": {
        "owner": "tinted-theming",
        "repo": "tinted-foot",
        "rev": "fd1b924b6c45c3e4465e8a849e67ea82933fcbe4",
        "type": "github"
      }
    },
    "tinted-kitty": {
      "flake": false,
      "locked": {
        "lastModified": 1735730497,
        "narHash": "sha256-4KtB+FiUzIeK/4aHCKce3V9HwRvYaxX+F1edUrfgzb8=",
        "owner": "tinted-theming",
        "repo": "tinted-kitty",
        "rev": "de6f888497f2c6b2279361bfc790f164bfd0f3fa",
        "type": "github"
      },
      "original": {
        "owner": "tinted-theming",
        "repo": "tinted-kitty",
        "type": "github"
      }
    },
    "tinted-schemes": {
      "flake": false,
      "locked": {
        "lastModified": 1750770351,
        "narHash": "sha256-LI+BnRoFNRa2ffbe3dcuIRYAUcGklBx0+EcFxlHj0SY=",
        "owner": "tinted-theming",
        "repo": "schemes",
        "rev": "5a775c6ffd6e6125947b393872cde95867d85a2a",
        "type": "github"
      },
      "original": {
        "owner": "tinted-theming",
        "repo": "schemes",
        "type": "github"
      }
    },
    "tinted-tmux": {
      "flake": false,
      "locked": {
        "lastModified": 1751159871,
        "narHash": "sha256-UOHBN1fgHIEzvPmdNMHaDvdRMgLmEJh2hNmDrp3d3LE=",
        "owner": "tinted-theming",
        "repo": "tinted-tmux",
        "rev": "bded5e24407cec9d01bd47a317d15b9223a1546c",
        "type": "github"
      },
      "original": {
        "owner": "tinted-theming",
        "repo": "tinted-tmux",
        "type": "github"
      }
    },
    "tinted-zed": {
      "flake": false,
      "locked": {
        "lastModified": 1751158968,
        "narHash": "sha256-ksOyv7D3SRRtebpXxgpG4TK8gZSKFc4TIZpR+C98jX8=",
        "owner": "tinted-theming",
        "repo": "base16-zed",
        "rev": "86a470d94204f7652b906ab0d378e4231a5b3384",
        "type": "github"
      },
      "original": {
        "owner": "tinted-theming",
        "repo": "base16-zed",
        "type": "github"
      }
    },
    "treefmt-nix": {
      "inputs": {
        "nixpkgs": [
          "clan-core",
          "nixpkgs"
        ]
      },
      "locked": {
        "lastModified": 1753006367,
        "narHash": "sha256-tzbhc4XttkyEhswByk5R38l+ztN9UDbnj0cTcP6Hp9A=",
        "owner": "numtide",
        "repo": "treefmt-nix",
        "rev": "421b56313c65a0815a52b424777f55acf0b56ddf",
        "type": "github"
      },
      "original": {
        "owner": "numtide",
        "repo": "treefmt-nix",
        "type": "github"
      }
    }
  },
  "root": "root",
  "version": 7
}
